// !$*UTF8*$!
{
	archiveVersion = 1;
	classes = {
	};
	objectVersion = 46;
	objects = {

/* Begin PBXBuildFile section */
		76049FF61A5ECB5200F80D24 /* DetailViewController.m in Sources */ = {isa = PBXBuildFile; fileRef = 76049FF51A5ECB5200F80D24 /* DetailViewController.m */; };
		7607EAA31A470F0300AB8E4D /* main.m in Sources */ = {isa = PBXBuildFile; fileRef = 7607EAA21A470F0300AB8E4D /* main.m */; };
		7607EAA61A470F0300AB8E4D /* AppDelegate.m in Sources */ = {isa = PBXBuildFile; fileRef = 7607EAA51A470F0300AB8E4D /* AppDelegate.m */; };
		7607EAB21A470F0300AB8E4D /* Main.storyboard in Resources */ = {isa = PBXBuildFile; fileRef = 7607EAB01A470F0300AB8E4D /* Main.storyboard */; };
		7607EAB41A470F0300AB8E4D /* Images.xcassets in Resources */ = {isa = PBXBuildFile; fileRef = 7607EAB31A470F0300AB8E4D /* Images.xcassets */; };
		7607EAB71A470F0300AB8E4D /* LaunchScreen.xib in Resources */ = {isa = PBXBuildFile; fileRef = 7607EAB51A470F0300AB8E4D /* LaunchScreen.xib */; };
		7607EAC31A470F0300AB8E4D /* xiaokafeiTests.m in Sources */ = {isa = PBXBuildFile; fileRef = 7607EAC21A470F0300AB8E4D /* xiaokafeiTests.m */; };
		7609CB7B1A7B5AB400B4513C /* FMDatabase.m in Sources */ = {isa = PBXBuildFile; fileRef = 7609CB711A7B5AB400B4513C /* FMDatabase.m */; };
		7609CB7C1A7B5AB400B4513C /* FMDatabaseAdditions.m in Sources */ = {isa = PBXBuildFile; fileRef = 7609CB731A7B5AB400B4513C /* FMDatabaseAdditions.m */; };
		7609CB7D1A7B5AB400B4513C /* FMDatabasePool.m in Sources */ = {isa = PBXBuildFile; fileRef = 7609CB751A7B5AB400B4513C /* FMDatabasePool.m */; };
		7609CB7E1A7B5AB400B4513C /* FMDatabaseQueue.m in Sources */ = {isa = PBXBuildFile; fileRef = 7609CB771A7B5AB400B4513C /* FMDatabaseQueue.m */; };
		7609CB7F1A7B5AB400B4513C /* FMResultSet.m in Sources */ = {isa = PBXBuildFile; fileRef = 7609CB7A1A7B5AB400B4513C /* FMResultSet.m */; };
		7609CB821A7B5B9E00B4513C /* libsqlite3.0.dylib in Frameworks */ = {isa = PBXBuildFile; fileRef = 7609CB811A7B5B9E00B4513C /* libsqlite3.0.dylib */; };
		7609CB881A7B643B00B4513C /* FMDBService.m in Sources */ = {isa = PBXBuildFile; fileRef = 7609CB871A7B643B00B4513C /* FMDBService.m */; };
		761FD8D81A480427009D1A40 /* xiaokafei.geojson in Resources */ = {isa = PBXBuildFile; fileRef = 761FD8D71A480427009D1A40 /* xiaokafei.geojson */; };
		76856AEB1A74A97D00DF030C /* ListView.m in Sources */ = {isa = PBXBuildFile; fileRef = 76856AEA1A74A97D00DF030C /* ListView.m */; };
		768CFF1A1A5D1C020092F2B8 /* 迷你简柏青.ttf in Resources */ = {isa = PBXBuildFile; fileRef = 768CFF191A5D1C020092F2B8 /* 迷你简柏青.ttf */; };
		768CFF201A5D21720092F2B8 /* FirstPageViewController.m in Sources */ = {isa = PBXBuildFile; fileRef = 768CFF1F1A5D21720092F2B8 /* FirstPageViewController.m */; };
		768CFF231A5D21800092F2B8 /* LIstViewController.m in Sources */ = {isa = PBXBuildFile; fileRef = 768CFF221A5D21800092F2B8 /* LIstViewController.m */; };
		768F24F81AB7D6C40009D9B5 /* IMG_1381.JPG in Resources */ = {isa = PBXBuildFile; fileRef = 768F24AE1AB7D6C40009D9B5 /* IMG_1381.JPG */; };
		768F24F91AB7D6C40009D9B5 /* IMG_1384.JPG in Resources */ = {isa = PBXBuildFile; fileRef = 768F24AF1AB7D6C40009D9B5 /* IMG_1384.JPG */; };
		768F24FA1AB7D6C40009D9B5 /* IMG_1385.JPG in Resources */ = {isa = PBXBuildFile; fileRef = 768F24B01AB7D6C40009D9B5 /* IMG_1385.JPG */; };
		768F24FB1AB7D6C40009D9B5 /* IMG_1386.JPG in Resources */ = {isa = PBXBuildFile; fileRef = 768F24B11AB7D6C40009D9B5 /* IMG_1386.JPG */; };
		768F24FC1AB7D6C40009D9B5 /* IMG_2008.JPG in Resources */ = {isa = PBXBuildFile; fileRef = 768F24B21AB7D6C40009D9B5 /* IMG_2008.JPG */; };
		768F24FD1AB7D6C40009D9B5 /* IMG_2088.JPG in Resources */ = {isa = PBXBuildFile; fileRef = 768F24B31AB7D6C40009D9B5 /* IMG_2088.JPG */; };
		768F24FE1AB7D6C40009D9B5 /* IMG_2013.JPG in Resources */ = {isa = PBXBuildFile; fileRef = 768F24B51AB7D6C40009D9B5 /* IMG_2013.JPG */; };
		768F24FF1AB7D6C40009D9B5 /* IMG_2042.JPG in Resources */ = {isa = PBXBuildFile; fileRef = 768F24B61AB7D6C40009D9B5 /* IMG_2042.JPG */; };
		768F25001AB7D6C40009D9B5 /* IMG_2060.JPG in Resources */ = {isa = PBXBuildFile; fileRef = 768F24B71AB7D6C40009D9B5 /* IMG_2060.JPG */; };
		768F25011AB7D6C40009D9B5 /* IMG_2089.JPG in Resources */ = {isa = PBXBuildFile; fileRef = 768F24B81AB7D6C40009D9B5 /* IMG_2089.JPG */; };
		768F25031AB7D6C40009D9B5 /* IMG_1530.JPG in Resources */ = {isa = PBXBuildFile; fileRef = 768F24BB1AB7D6C40009D9B5 /* IMG_1530.JPG */; };
		768F25041AB7D6C40009D9B5 /* IMG_1555.JPG in Resources */ = {isa = PBXBuildFile; fileRef = 768F24BC1AB7D6C40009D9B5 /* IMG_1555.JPG */; };
		768F25051AB7D6C40009D9B5 /* IMG_1985.JPG in Resources */ = {isa = PBXBuildFile; fileRef = 768F24BD1AB7D6C40009D9B5 /* IMG_1985.JPG */; };
		768F25061AB7D6C40009D9B5 /* IMG_2010.JPG in Resources */ = {isa = PBXBuildFile; fileRef = 768F24BE1AB7D6C40009D9B5 /* IMG_2010.JPG */; };
		768F25071AB7D6C40009D9B5 /* IMG_1425.JPG in Resources */ = {isa = PBXBuildFile; fileRef = 768F24C01AB7D6C40009D9B5 /* IMG_1425.JPG */; };
		768F25081AB7D6C40009D9B5 /* IMG_1468.JPG in Resources */ = {isa = PBXBuildFile; fileRef = 768F24C11AB7D6C40009D9B5 /* IMG_1468.JPG */; };
		768F25091AB7D6C40009D9B5 /* IMG_1482.JPG in Resources */ = {isa = PBXBuildFile; fileRef = 768F24C21AB7D6C40009D9B5 /* IMG_1482.JPG */; };
		768F250A1AB7D6C40009D9B5 /* IMG_1487.JPG in Resources */ = {isa = PBXBuildFile; fileRef = 768F24C31AB7D6C40009D9B5 /* IMG_1487.JPG */; };
		768F250B1AB7D6C40009D9B5 /* IMG_1514.JPG in Resources */ = {isa = PBXBuildFile; fileRef = 768F24C41AB7D6C40009D9B5 /* IMG_1514.JPG */; };
		768F250D1AB7D6C40009D9B5 /* IMG_1531.JPG in Resources */ = {isa = PBXBuildFile; fileRef = 768F24C61AB7D6C40009D9B5 /* IMG_1531.JPG */; };
		768F250E1AB7D6C40009D9B5 /* IMG_1987.JPG in Resources */ = {isa = PBXBuildFile; fileRef = 768F24C71AB7D6C40009D9B5 /* IMG_1987.JPG */; };
		768F250F1AB7D6C40009D9B5 /* IMG_1990.JPG in Resources */ = {isa = PBXBuildFile; fileRef = 768F24C81AB7D6C40009D9B5 /* IMG_1990.JPG */; };
		768F25101AB7D6C40009D9B5 /* IMG_1993.JPG in Resources */ = {isa = PBXBuildFile; fileRef = 768F24C91AB7D6C40009D9B5 /* IMG_1993.JPG */; };
		768F25111AB7D6C40009D9B5 /* IMG_1996.JPG in Resources */ = {isa = PBXBuildFile; fileRef = 768F24CA1AB7D6C40009D9B5 /* IMG_1996.JPG */; };
		768F25121AB7D6C40009D9B5 /* IMG_2001.JPG in Resources */ = {isa = PBXBuildFile; fileRef = 768F24CB1AB7D6C40009D9B5 /* IMG_2001.JPG */; };
		768F25131AB7D6C40009D9B5 /* IMG_2030.JPG in Resources */ = {isa = PBXBuildFile; fileRef = 768F24CC1AB7D6C40009D9B5 /* IMG_2030.JPG */; };
		768F25141AB7D6C40009D9B5 /* IMG_2037.JPG in Resources */ = {isa = PBXBuildFile; fileRef = 768F24CD1AB7D6C40009D9B5 /* IMG_2037.JPG */; };
		768F25151AB7D6C40009D9B5 /* IMG_2038.JPG in Resources */ = {isa = PBXBuildFile; fileRef = 768F24CE1AB7D6C40009D9B5 /* IMG_2038.JPG */; };
		768F25161AB7D6C40009D9B5 /* IMG_2039.JPG in Resources */ = {isa = PBXBuildFile; fileRef = 768F24CF1AB7D6C40009D9B5 /* IMG_2039.JPG */; };
		768F25171AB7D6C40009D9B5 /* IMG_2043.JPG in Resources */ = {isa = PBXBuildFile; fileRef = 768F24D01AB7D6C40009D9B5 /* IMG_2043.JPG */; };
		768F25181AB7D6C40009D9B5 /* IMG_2044.JPG in Resources */ = {isa = PBXBuildFile; fileRef = 768F24D11AB7D6C40009D9B5 /* IMG_2044.JPG */; };
		768F25191AB7D6C40009D9B5 /* IMG_2051.JPG in Resources */ = {isa = PBXBuildFile; fileRef = 768F24D21AB7D6C40009D9B5 /* IMG_2051.JPG */; };
		768F251A1AB7D6C40009D9B5 /* IMG_2057.JPG in Resources */ = {isa = PBXBuildFile; fileRef = 768F24D31AB7D6C40009D9B5 /* IMG_2057.JPG */; };
		768F251B1AB7D6C40009D9B5 /* IMG_2058.JPG in Resources */ = {isa = PBXBuildFile; fileRef = 768F24D41AB7D6C40009D9B5 /* IMG_2058.JPG */; };
		768F251C1AB7D6C40009D9B5 /* IMG_2059.JPG in Resources */ = {isa = PBXBuildFile; fileRef = 768F24D51AB7D6C40009D9B5 /* IMG_2059.JPG */; };
		768F251D1AB7D6C40009D9B5 /* IMG_2086.JPG in Resources */ = {isa = PBXBuildFile; fileRef = 768F24D61AB7D6C40009D9B5 /* IMG_2086.JPG */; };
		768F251E1AB7D6C40009D9B5 /* IMG_2087.JPG in Resources */ = {isa = PBXBuildFile; fileRef = 768F24D71AB7D6C40009D9B5 /* IMG_2087.JPG */; };
		768F251F1AB7D6C40009D9B5 /* IMG_2090.JPG in Resources */ = {isa = PBXBuildFile; fileRef = 768F24D81AB7D6C40009D9B5 /* IMG_2090.JPG */; };
		768F25201AB7D6C40009D9B5 /* IMG_1420.JPG in Resources */ = {isa = PBXBuildFile; fileRef = 768F24DA1AB7D6C40009D9B5 /* IMG_1420.JPG */; };
		768F25211AB7D6C40009D9B5 /* IMG_1539.JPG in Resources */ = {isa = PBXBuildFile; fileRef = 768F24DB1AB7D6C40009D9B5 /* IMG_1539.JPG */; };
		768F25221AB7D6C40009D9B5 /* IMG_1546.JPG in Resources */ = {isa = PBXBuildFile; fileRef = 768F24DC1AB7D6C40009D9B5 /* IMG_1546.JPG */; };
		768F25231AB7D6C40009D9B5 /* IMG_1547.JPG in Resources */ = {isa = PBXBuildFile; fileRef = 768F24DD1AB7D6C40009D9B5 /* IMG_1547.JPG */; };
		768F25241AB7D6C40009D9B5 /* IMG_1580.JPG in Resources */ = {isa = PBXBuildFile; fileRef = 768F24DE1AB7D6C40009D9B5 /* IMG_1580.JPG */; };
		768F25251AB7D6C40009D9B5 /* IMG_1581.JPG in Resources */ = {isa = PBXBuildFile; fileRef = 768F24DF1AB7D6C40009D9B5 /* IMG_1581.JPG */; };
		768F25261AB7D6C40009D9B5 /* IMG_1587.JPG in Resources */ = {isa = PBXBuildFile; fileRef = 768F24E01AB7D6C40009D9B5 /* IMG_1587.JPG */; };
		768F25271AB7D6C40009D9B5 /* IMG_1588.JPG in Resources */ = {isa = PBXBuildFile; fileRef = 768F24E11AB7D6C40009D9B5 /* IMG_1588.JPG */; };
		768F25281AB7D6C40009D9B5 /* IMG_1522.JPG in Resources */ = {isa = PBXBuildFile; fileRef = 768F24E31AB7D6C40009D9B5 /* IMG_1522.JPG */; };
		768F25291AB7D6C40009D9B5 /* IMG_1529.JPG in Resources */ = {isa = PBXBuildFile; fileRef = 768F24E41AB7D6C40009D9B5 /* IMG_1529.JPG */; };
		768F252A1AB7D6C40009D9B5 /* IMG_1554.JPG in Resources */ = {isa = PBXBuildFile; fileRef = 768F24E51AB7D6C40009D9B5 /* IMG_1554.JPG */; };
		768F252D1AB7D6C40009D9B5 /* IMG_1642.JPG in Resources */ = {isa = PBXBuildFile; fileRef = 768F24E81AB7D6C40009D9B5 /* IMG_1642.JPG */; };
		768F252E1AB7D6C40009D9B5 /* IMG_1643.JPG in Resources */ = {isa = PBXBuildFile; fileRef = 768F24E91AB7D6C40009D9B5 /* IMG_1643.JPG */; };
		768F252F1AB7D6C40009D9B5 /* IMG_2055.JPG in Resources */ = {isa = PBXBuildFile; fileRef = 768F24EA1AB7D6C40009D9B5 /* IMG_2055.JPG */; };
		768F25301AB7D6C40009D9B5 /* IMG_2056.JPG in Resources */ = {isa = PBXBuildFile; fileRef = 768F24EB1AB7D6C40009D9B5 /* IMG_2056.JPG */; };
		768F25311AB7D6C40009D9B5 /* IMG_2009.JPG in Resources */ = {isa = PBXBuildFile; fileRef = 768F24ED1AB7D6C40009D9B5 /* IMG_2009.JPG */; };
		768F25321AB7D6C40009D9B5 /* IMG_2015.JPG in Resources */ = {isa = PBXBuildFile; fileRef = 768F24EE1AB7D6C40009D9B5 /* IMG_2015.JPG */; };
		768F25331AB7D6C40009D9B5 /* IMG_2020.JPG in Resources */ = {isa = PBXBuildFile; fileRef = 768F24EF1AB7D6C40009D9B5 /* IMG_2020.JPG */; };
		768F25341AB7D6C40009D9B5 /* IMG_1419.JPG in Resources */ = {isa = PBXBuildFile; fileRef = 768F24F11AB7D6C40009D9B5 /* IMG_1419.JPG */; };
		768F25351AB7D6C40009D9B5 /* IMG_1471.JPG in Resources */ = {isa = PBXBuildFile; fileRef = 768F24F21AB7D6C40009D9B5 /* IMG_1471.JPG */; };
		768F25361AB7D6C40009D9B5 /* IMG_1489.JPG in Resources */ = {isa = PBXBuildFile; fileRef = 768F24F31AB7D6C40009D9B5 /* IMG_1489.JPG */; };
		768F25371AB7D6C40009D9B5 /* IMG_1757.JPG in Resources */ = {isa = PBXBuildFile; fileRef = 768F24F41AB7D6C40009D9B5 /* IMG_1757.JPG */; };
		768F25381AB7D6C40009D9B5 /* IMG_1774.JPG in Resources */ = {isa = PBXBuildFile; fileRef = 768F24F51AB7D6C40009D9B5 /* IMG_1774.JPG */; };
		768F25391AB7D6C40009D9B5 /* IMG_1803.JPG in Resources */ = {isa = PBXBuildFile; fileRef = 768F24F61AB7D6C40009D9B5 /* IMG_1803.JPG */; };
		768F253A1AB7D6C40009D9B5 /* IMG_1804.JPG in Resources */ = {isa = PBXBuildFile; fileRef = 768F24F71AB7D6C40009D9B5 /* IMG_1804.JPG */; };
		769749D41A5FAF5F00A76FCD /* launch_des.png in Resources */ = {isa = PBXBuildFile; fileRef = 769749D21A5FAF5F00A76FCD /* launch_des.png */; };
		769749D51A5FAF5F00A76FCD /* launch_title.png in Resources */ = {isa = PBXBuildFile; fileRef = 769749D31A5FAF5F00A76FCD /* launch_title.png */; };
/* End PBXBuildFile section */

/* Begin PBXContainerItemProxy section */
		7607EABD1A470F0300AB8E4D /* PBXContainerItemProxy */ = {
			isa = PBXContainerItemProxy;
			containerPortal = 7607EA951A470F0300AB8E4D /* Project object */;
			proxyType = 1;
			remoteGlobalIDString = 7607EA9C1A470F0300AB8E4D;
			remoteInfo = xiaokafei;
		};
/* End PBXContainerItemProxy section */

/* Begin PBXFileReference section */
		76049FF41A5ECB5200F80D24 /* DetailViewController.h */ = {isa = PBXFileReference; fileEncoding = 4; lastKnownFileType = sourcecode.c.h; path = DetailViewController.h; sourceTree = "<group>"; };
		76049FF51A5ECB5200F80D24 /* DetailViewController.m */ = {isa = PBXFileReference; fileEncoding = 4; lastKnownFileType = sourcecode.c.objc; path = DetailViewController.m; sourceTree = "<group>"; };
		7607EA9D1A470F0300AB8E4D /* 小咖啡点餐.app */ = {isa = PBXFileReference; explicitFileType = wrapper.application; includeInIndex = 0; path = "小咖啡点餐.app"; sourceTree = BUILT_PRODUCTS_DIR; };
		7607EAA11A470F0300AB8E4D /* Info.plist */ = {isa = PBXFileReference; lastKnownFileType = text.plist.xml; path = Info.plist; sourceTree = "<group>"; };
		7607EAA21A470F0300AB8E4D /* main.m */ = {isa = PBXFileReference; lastKnownFileType = sourcecode.c.objc; path = main.m; sourceTree = "<group>"; };
		7607EAA41A470F0300AB8E4D /* AppDelegate.h */ = {isa = PBXFileReference; lastKnownFileType = sourcecode.c.h; path = AppDelegate.h; sourceTree = "<group>"; };
		7607EAA51A470F0300AB8E4D /* AppDelegate.m */ = {isa = PBXFileReference; lastKnownFileType = sourcecode.c.objc; path = AppDelegate.m; sourceTree = "<group>"; };
		7607EAB11A470F0300AB8E4D /* Base */ = {isa = PBXFileReference; lastKnownFileType = file.storyboard; name = Base; path = Base.lproj/Main.storyboard; sourceTree = "<group>"; };
		7607EAB31A470F0300AB8E4D /* Images.xcassets */ = {isa = PBXFileReference; lastKnownFileType = folder.assetcatalog; path = Images.xcassets; sourceTree = "<group>"; };
		7607EAB61A470F0300AB8E4D /* Base */ = {isa = PBXFileReference; lastKnownFileType = file.xib; name = Base; path = Base.lproj/LaunchScreen.xib; sourceTree = "<group>"; };
		7607EABC1A470F0300AB8E4D /* xiaokafeiTests.xctest */ = {isa = PBXFileReference; explicitFileType = wrapper.cfbundle; includeInIndex = 0; path = xiaokafeiTests.xctest; sourceTree = BUILT_PRODUCTS_DIR; };
		7607EAC11A470F0300AB8E4D /* Info.plist */ = {isa = PBXFileReference; lastKnownFileType = text.plist.xml; path = Info.plist; sourceTree = "<group>"; };
		7607EAC21A470F0300AB8E4D /* xiaokafeiTests.m */ = {isa = PBXFileReference; lastKnownFileType = sourcecode.c.objc; path = xiaokafeiTests.m; sourceTree = "<group>"; };
		7609CB701A7B5AB400B4513C /* FMDatabase.h */ = {isa = PBXFileReference; fileEncoding = 4; lastKnownFileType = sourcecode.c.h; path = FMDatabase.h; sourceTree = "<group>"; };
		7609CB711A7B5AB400B4513C /* FMDatabase.m */ = {isa = PBXFileReference; fileEncoding = 4; lastKnownFileType = sourcecode.c.objc; path = FMDatabase.m; sourceTree = "<group>"; };
		7609CB721A7B5AB400B4513C /* FMDatabaseAdditions.h */ = {isa = PBXFileReference; fileEncoding = 4; lastKnownFileType = sourcecode.c.h; path = FMDatabaseAdditions.h; sourceTree = "<group>"; };
		7609CB731A7B5AB400B4513C /* FMDatabaseAdditions.m */ = {isa = PBXFileReference; fileEncoding = 4; lastKnownFileType = sourcecode.c.objc; path = FMDatabaseAdditions.m; sourceTree = "<group>"; };
		7609CB741A7B5AB400B4513C /* FMDatabasePool.h */ = {isa = PBXFileReference; fileEncoding = 4; lastKnownFileType = sourcecode.c.h; path = FMDatabasePool.h; sourceTree = "<group>"; };
		7609CB751A7B5AB400B4513C /* FMDatabasePool.m */ = {isa = PBXFileReference; fileEncoding = 4; lastKnownFileType = sourcecode.c.objc; path = FMDatabasePool.m; sourceTree = "<group>"; };
		7609CB761A7B5AB400B4513C /* FMDatabaseQueue.h */ = {isa = PBXFileReference; fileEncoding = 4; lastKnownFileType = sourcecode.c.h; path = FMDatabaseQueue.h; sourceTree = "<group>"; };
		7609CB771A7B5AB400B4513C /* FMDatabaseQueue.m */ = {isa = PBXFileReference; fileEncoding = 4; lastKnownFileType = sourcecode.c.objc; path = FMDatabaseQueue.m; sourceTree = "<group>"; };
		7609CB781A7B5AB400B4513C /* FMDB.h */ = {isa = PBXFileReference; fileEncoding = 4; lastKnownFileType = sourcecode.c.h; path = FMDB.h; sourceTree = "<group>"; };
		7609CB791A7B5AB400B4513C /* FMResultSet.h */ = {isa = PBXFileReference; fileEncoding = 4; lastKnownFileType = sourcecode.c.h; path = FMResultSet.h; sourceTree = "<group>"; };
		7609CB7A1A7B5AB400B4513C /* FMResultSet.m */ = {isa = PBXFileReference; fileEncoding = 4; lastKnownFileType = sourcecode.c.objc; path = FMResultSet.m; sourceTree = "<group>"; };
		7609CB811A7B5B9E00B4513C /* libsqlite3.0.dylib */ = {isa = PBXFileReference; lastKnownFileType = "compiled.mach-o.dylib"; name = libsqlite3.0.dylib; path = usr/lib/libsqlite3.0.dylib; sourceTree = SDKROOT; };
		7609CB841A7B612B00B4513C /* MacroUtils.h */ = {isa = PBXFileReference; lastKnownFileType = sourcecode.c.h; path = MacroUtils.h; sourceTree = "<group>"; };
		7609CB861A7B643B00B4513C /* FMDBService.h */ = {isa = PBXFileReference; fileEncoding = 4; lastKnownFileType = sourcecode.c.h; path = FMDBService.h; sourceTree = "<group>"; };
		7609CB871A7B643B00B4513C /* FMDBService.m */ = {isa = PBXFileReference; fileEncoding = 4; lastKnownFileType = sourcecode.c.objc; path = FMDBService.m; sourceTree = "<group>"; };
		761FD8D71A480427009D1A40 /* xiaokafei.geojson */ = {isa = PBXFileReference; fileEncoding = 4; lastKnownFileType = text; path = xiaokafei.geojson; sourceTree = "<group>"; };
		76856AE91A74A97D00DF030C /* ListView.h */ = {isa = PBXFileReference; fileEncoding = 4; lastKnownFileType = sourcecode.c.h; path = ListView.h; sourceTree = "<group>"; };
		76856AEA1A74A97D00DF030C /* ListView.m */ = {isa = PBXFileReference; fileEncoding = 4; lastKnownFileType = sourcecode.c.objc; path = ListView.m; sourceTree = "<group>"; };
		76856AEF1A74AB6300DF030C /* PrefixHeader.pch */ = {isa = PBXFileReference; lastKnownFileType = sourcecode.c.h; path = PrefixHeader.pch; sourceTree = "<group>"; };
		768CFF191A5D1C020092F2B8 /* 迷你简柏青.ttf */ = {isa = PBXFileReference; lastKnownFileType = file; path = "迷你简柏青.ttf"; sourceTree = "<group>"; };
		768CFF1E1A5D21720092F2B8 /* FirstPageViewController.h */ = {isa = PBXFileReference; fileEncoding = 4; lastKnownFileType = sourcecode.c.h; path = FirstPageViewController.h; sourceTree = "<group>"; };
		768CFF1F1A5D21720092F2B8 /* FirstPageViewController.m */ = {isa = PBXFileReference; fileEncoding = 4; lastKnownFileType = sourcecode.c.objc; path = FirstPageViewController.m; sourceTree = "<group>"; };
		768CFF211A5D21800092F2B8 /* LIstViewController.h */ = {isa = PBXFileReference; fileEncoding = 4; lastKnownFileType = sourcecode.c.h; path = LIstViewController.h; sourceTree = "<group>"; };
		768CFF221A5D21800092F2B8 /* LIstViewController.m */ = {isa = PBXFileReference; fileEncoding = 4; lastKnownFileType = sourcecode.c.objc; path = LIstViewController.m; sourceTree = "<group>"; };
		768F24AE1AB7D6C40009D9B5 /* IMG_1381.JPG */ = {isa = PBXFileReference; lastKnownFileType = image.jpeg; path = IMG_1381.JPG; sourceTree = "<group>"; };
		768F24AF1AB7D6C40009D9B5 /* IMG_1384.JPG */ = {isa = PBXFileReference; lastKnownFileType = image.jpeg; path = IMG_1384.JPG; sourceTree = "<group>"; };
		768F24B01AB7D6C40009D9B5 /* IMG_1385.JPG */ = {isa = PBXFileReference; lastKnownFileType = image.jpeg; path = IMG_1385.JPG; sourceTree = "<group>"; };
		768F24B11AB7D6C40009D9B5 /* IMG_1386.JPG */ = {isa = PBXFileReference; lastKnownFileType = image.jpeg; path = IMG_1386.JPG; sourceTree = "<group>"; };
		768F24B21AB7D6C40009D9B5 /* IMG_2008.JPG */ = {isa = PBXFileReference; lastKnownFileType = image.jpeg; path = IMG_2008.JPG; sourceTree = "<group>"; };
		768F24B31AB7D6C40009D9B5 /* IMG_2088.JPG */ = {isa = PBXFileReference; lastKnownFileType = image.jpeg; path = IMG_2088.JPG; sourceTree = "<group>"; };
		768F24B51AB7D6C40009D9B5 /* IMG_2013.JPG */ = {isa = PBXFileReference; lastKnownFileType = image.jpeg; path = IMG_2013.JPG; sourceTree = "<group>"; };
		768F24B61AB7D6C40009D9B5 /* IMG_2042.JPG */ = {isa = PBXFileReference; lastKnownFileType = image.jpeg; path = IMG_2042.JPG; sourceTree = "<group>"; };
		768F24B71AB7D6C40009D9B5 /* IMG_2060.JPG */ = {isa = PBXFileReference; lastKnownFileType = image.jpeg; path = IMG_2060.JPG; sourceTree = "<group>"; };
		768F24B81AB7D6C40009D9B5 /* IMG_2089.JPG */ = {isa = PBXFileReference; lastKnownFileType = image.jpeg; path = IMG_2089.JPG; sourceTree = "<group>"; };
		768F24BA1AB7D6C40009D9B5 /* IMG_1514.JPG */ = {isa = PBXFileReference; lastKnownFileType = image.jpeg; path = IMG_1514.JPG; sourceTree = "<group>"; };
		768F24BB1AB7D6C40009D9B5 /* IMG_1530.JPG */ = {isa = PBXFileReference; lastKnownFileType = image.jpeg; path = IMG_1530.JPG; sourceTree = "<group>"; };
		768F24BC1AB7D6C40009D9B5 /* IMG_1555.JPG */ = {isa = PBXFileReference; lastKnownFileType = image.jpeg; path = IMG_1555.JPG; sourceTree = "<group>"; };
		768F24BD1AB7D6C40009D9B5 /* IMG_1985.JPG */ = {isa = PBXFileReference; lastKnownFileType = image.jpeg; path = IMG_1985.JPG; sourceTree = "<group>"; };
		768F24BE1AB7D6C40009D9B5 /* IMG_2010.JPG */ = {isa = PBXFileReference; lastKnownFileType = image.jpeg; path = IMG_2010.JPG; sourceTree = "<group>"; };
		768F24C01AB7D6C40009D9B5 /* IMG_1425.JPG */ = {isa = PBXFileReference; lastKnownFileType = image.jpeg; path = IMG_1425.JPG; sourceTree = "<group>"; };
		768F24C11AB7D6C40009D9B5 /* IMG_1468.JPG */ = {isa = PBXFileReference; lastKnownFileType = image.jpeg; path = IMG_1468.JPG; sourceTree = "<group>"; };
		768F24C21AB7D6C40009D9B5 /* IMG_1482.JPG */ = {isa = PBXFileReference; lastKnownFileType = image.jpeg; path = IMG_1482.JPG; sourceTree = "<group>"; };
		768F24C31AB7D6C40009D9B5 /* IMG_1487.JPG */ = {isa = PBXFileReference; lastKnownFileType = image.jpeg; path = IMG_1487.JPG; sourceTree = "<group>"; };
		768F24C41AB7D6C40009D9B5 /* IMG_1514.JPG */ = {isa = PBXFileReference; lastKnownFileType = image.jpeg; path = IMG_1514.JPG; sourceTree = "<group>"; };
		768F24C51AB7D6C40009D9B5 /* IMG_1530.JPG */ = {isa = PBXFileReference; lastKnownFileType = image.jpeg; path = IMG_1530.JPG; sourceTree = "<group>"; };
		768F24C61AB7D6C40009D9B5 /* IMG_1531.JPG */ = {isa = PBXFileReference; lastKnownFileType = image.jpeg; path = IMG_1531.JPG; sourceTree = "<group>"; };
		768F24C71AB7D6C40009D9B5 /* IMG_1987.JPG */ = {isa = PBXFileReference; lastKnownFileType = image.jpeg; path = IMG_1987.JPG; sourceTree = "<group>"; };
		768F24C81AB7D6C40009D9B5 /* IMG_1990.JPG */ = {isa = PBXFileReference; lastKnownFileType = image.jpeg; path = IMG_1990.JPG; sourceTree = "<group>"; };
		768F24C91AB7D6C40009D9B5 /* IMG_1993.JPG */ = {isa = PBXFileReference; lastKnownFileType = image.jpeg; path = IMG_1993.JPG; sourceTree = "<group>"; };
		768F24CA1AB7D6C40009D9B5 /* IMG_1996.JPG */ = {isa = PBXFileReference; lastKnownFileType = image.jpeg; path = IMG_1996.JPG; sourceTree = "<group>"; };
		768F24CB1AB7D6C40009D9B5 /* IMG_2001.JPG */ = {isa = PBXFileReference; lastKnownFileType = image.jpeg; path = IMG_2001.JPG; sourceTree = "<group>"; };
		768F24CC1AB7D6C40009D9B5 /* IMG_2030.JPG */ = {isa = PBXFileReference; lastKnownFileType = image.jpeg; path = IMG_2030.JPG; sourceTree = "<group>"; };
		768F24CD1AB7D6C40009D9B5 /* IMG_2037.JPG */ = {isa = PBXFileReference; lastKnownFileType = image.jpeg; path = IMG_2037.JPG; sourceTree = "<group>"; };
		768F24CE1AB7D6C40009D9B5 /* IMG_2038.JPG */ = {isa = PBXFileReference; lastKnownFileType = image.jpeg; path = IMG_2038.JPG; sourceTree = "<group>"; };
		768F24CF1AB7D6C40009D9B5 /* IMG_2039.JPG */ = {isa = PBXFileReference; lastKnownFileType = image.jpeg; path = IMG_2039.JPG; sourceTree = "<group>"; };
		768F24D01AB7D6C40009D9B5 /* IMG_2043.JPG */ = {isa = PBXFileReference; lastKnownFileType = image.jpeg; path = IMG_2043.JPG; sourceTree = "<group>"; };
		768F24D11AB7D6C40009D9B5 /* IMG_2044.JPG */ = {isa = PBXFileReference; lastKnownFileType = image.jpeg; path = IMG_2044.JPG; sourceTree = "<group>"; };
		768F24D21AB7D6C40009D9B5 /* IMG_2051.JPG */ = {isa = PBXFileReference; lastKnownFileType = image.jpeg; path = IMG_2051.JPG; sourceTree = "<group>"; };
		768F24D31AB7D6C40009D9B5 /* IMG_2057.JPG */ = {isa = PBXFileReference; lastKnownFileType = image.jpeg; path = IMG_2057.JPG; sourceTree = "<group>"; };
		768F24D41AB7D6C40009D9B5 /* IMG_2058.JPG */ = {isa = PBXFileReference; lastKnownFileType = image.jpeg; path = IMG_2058.JPG; sourceTree = "<group>"; };
		768F24D51AB7D6C40009D9B5 /* IMG_2059.JPG */ = {isa = PBXFileReference; lastKnownFileType = image.jpeg; path = IMG_2059.JPG; sourceTree = "<group>"; };
		768F24D61AB7D6C40009D9B5 /* IMG_2086.JPG */ = {isa = PBXFileReference; lastKnownFileType = image.jpeg; path = IMG_2086.JPG; sourceTree = "<group>"; };
		768F24D71AB7D6C40009D9B5 /* IMG_2087.JPG */ = {isa = PBXFileReference; lastKnownFileType = image.jpeg; path = IMG_2087.JPG; sourceTree = "<group>"; };
		768F24D81AB7D6C40009D9B5 /* IMG_2090.JPG */ = {isa = PBXFileReference; lastKnownFileType = image.jpeg; path = IMG_2090.JPG; sourceTree = "<group>"; };
		768F24DA1AB7D6C40009D9B5 /* IMG_1420.JPG */ = {isa = PBXFileReference; lastKnownFileType = image.jpeg; path = IMG_1420.JPG; sourceTree = "<group>"; };
		768F24DB1AB7D6C40009D9B5 /* IMG_1539.JPG */ = {isa = PBXFileReference; lastKnownFileType = image.jpeg; path = IMG_1539.JPG; sourceTree = "<group>"; };
		768F24DC1AB7D6C40009D9B5 /* IMG_1546.JPG */ = {isa = PBXFileReference; lastKnownFileType = image.jpeg; path = IMG_1546.JPG; sourceTree = "<group>"; };
		768F24DD1AB7D6C40009D9B5 /* IMG_1547.JPG */ = {isa = PBXFileReference; lastKnownFileType = image.jpeg; path = IMG_1547.JPG; sourceTree = "<group>"; };
		768F24DE1AB7D6C40009D9B5 /* IMG_1580.JPG */ = {isa = PBXFileReference; lastKnownFileType = image.jpeg; path = IMG_1580.JPG; sourceTree = "<group>"; };
		768F24DF1AB7D6C40009D9B5 /* IMG_1581.JPG */ = {isa = PBXFileReference; lastKnownFileType = image.jpeg; path = IMG_1581.JPG; sourceTree = "<group>"; };
		768F24E01AB7D6C40009D9B5 /* IMG_1587.JPG */ = {isa = PBXFileReference; lastKnownFileType = image.jpeg; path = IMG_1587.JPG; sourceTree = "<group>"; };
		768F24E11AB7D6C40009D9B5 /* IMG_1588.JPG */ = {isa = PBXFileReference; lastKnownFileType = image.jpeg; path = IMG_1588.JPG; sourceTree = "<group>"; };
		768F24E31AB7D6C40009D9B5 /* IMG_1522.JPG */ = {isa = PBXFileReference; lastKnownFileType = image.jpeg; path = IMG_1522.JPG; sourceTree = "<group>"; };
		768F24E41AB7D6C40009D9B5 /* IMG_1529.JPG */ = {isa = PBXFileReference; lastKnownFileType = image.jpeg; path = IMG_1529.JPG; sourceTree = "<group>"; };
		768F24E51AB7D6C40009D9B5 /* IMG_1554.JPG */ = {isa = PBXFileReference; lastKnownFileType = image.jpeg; path = IMG_1554.JPG; sourceTree = "<group>"; };
		768F24E61AB7D6C40009D9B5 /* IMG_1587.JPG */ = {isa = PBXFileReference; lastKnownFileType = image.jpeg; path = IMG_1587.JPG; sourceTree = "<group>"; };
		768F24E71AB7D6C40009D9B5 /* IMG_1588.JPG */ = {isa = PBXFileReference; lastKnownFileType = image.jpeg; path = IMG_1588.JPG; sourceTree = "<group>"; };
		768F24E81AB7D6C40009D9B5 /* IMG_1642.JPG */ = {isa = PBXFileReference; lastKnownFileType = image.jpeg; path = IMG_1642.JPG; sourceTree = "<group>"; };
		768F24E91AB7D6C40009D9B5 /* IMG_1643.JPG */ = {isa = PBXFileReference; lastKnownFileType = image.jpeg; path = IMG_1643.JPG; sourceTree = "<group>"; };
		768F24EA1AB7D6C40009D9B5 /* IMG_2055.JPG */ = {isa = PBXFileReference; lastKnownFileType = image.jpeg; path = IMG_2055.JPG; sourceTree = "<group>"; };
		768F24EB1AB7D6C40009D9B5 /* IMG_2056.JPG */ = {isa = PBXFileReference; lastKnownFileType = image.jpeg; path = IMG_2056.JPG; sourceTree = "<group>"; };
		768F24ED1AB7D6C40009D9B5 /* IMG_2009.JPG */ = {isa = PBXFileReference; lastKnownFileType = image.jpeg; path = IMG_2009.JPG; sourceTree = "<group>"; };
		768F24EE1AB7D6C40009D9B5 /* IMG_2015.JPG */ = {isa = PBXFileReference; lastKnownFileType = image.jpeg; path = IMG_2015.JPG; sourceTree = "<group>"; };
		768F24EF1AB7D6C40009D9B5 /* IMG_2020.JPG */ = {isa = PBXFileReference; lastKnownFileType = image.jpeg; path = IMG_2020.JPG; sourceTree = "<group>"; };
		768F24F11AB7D6C40009D9B5 /* IMG_1419.JPG */ = {isa = PBXFileReference; lastKnownFileType = image.jpeg; path = IMG_1419.JPG; sourceTree = "<group>"; };
		768F24F21AB7D6C40009D9B5 /* IMG_1471.JPG */ = {isa = PBXFileReference; lastKnownFileType = image.jpeg; path = IMG_1471.JPG; sourceTree = "<group>"; };
		768F24F31AB7D6C40009D9B5 /* IMG_1489.JPG */ = {isa = PBXFileReference; lastKnownFileType = image.jpeg; path = IMG_1489.JPG; sourceTree = "<group>"; };
		768F24F41AB7D6C40009D9B5 /* IMG_1757.JPG */ = {isa = PBXFileReference; lastKnownFileType = image.jpeg; path = IMG_1757.JPG; sourceTree = "<group>"; };
		768F24F51AB7D6C40009D9B5 /* IMG_1774.JPG */ = {isa = PBXFileReference; lastKnownFileType = image.jpeg; path = IMG_1774.JPG; sourceTree = "<group>"; };
		768F24F61AB7D6C40009D9B5 /* IMG_1803.JPG */ = {isa = PBXFileReference; lastKnownFileType = image.jpeg; path = IMG_1803.JPG; sourceTree = "<group>"; };
		768F24F71AB7D6C40009D9B5 /* IMG_1804.JPG */ = {isa = PBXFileReference; lastKnownFileType = image.jpeg; path = IMG_1804.JPG; sourceTree = "<group>"; };
		769749D21A5FAF5F00A76FCD /* launch_des.png */ = {isa = PBXFileReference; lastKnownFileType = image.png; path = launch_des.png; sourceTree = "<group>"; };
		769749D31A5FAF5F00A76FCD /* launch_title.png */ = {isa = PBXFileReference; lastKnownFileType = image.png; path = launch_title.png; sourceTree = "<group>"; };
/* End PBXFileReference section */

/* Begin PBXFrameworksBuildPhase section */
		7607EA9A1A470F0300AB8E4D /* Frameworks */ = {
			isa = PBXFrameworksBuildPhase;
			buildActionMask = 2147483647;
			files = (
				7609CB821A7B5B9E00B4513C /* libsqlite3.0.dylib in Frameworks */,
			);
			runOnlyForDeploymentPostprocessing = 0;
		};
		7607EAB91A470F0300AB8E4D /* Frameworks */ = {
			isa = PBXFrameworksBuildPhase;
			buildActionMask = 2147483647;
			files = (
			);
			runOnlyForDeploymentPostprocessing = 0;
		};
/* End PBXFrameworksBuildPhase section */

/* Begin PBXGroup section */
		7607EA941A470F0300AB8E4D = {
			isa = PBXGroup;
			children = (
				7607EA9F1A470F0300AB8E4D /* xiaokafei */,
				7607EABF1A470F0300AB8E4D /* xiaokafeiTests */,
				7607EA9E1A470F0300AB8E4D /* Products */,
			);
			sourceTree = "<group>";
		};
		7607EA9E1A470F0300AB8E4D /* Products */ = {
			isa = PBXGroup;
			children = (
				7607EA9D1A470F0300AB8E4D /* 小咖啡点餐.app */,
				7607EABC1A470F0300AB8E4D /* xiaokafeiTests.xctest */,
			);
			name = Products;
			sourceTree = "<group>";
		};
		7607EA9F1A470F0300AB8E4D /* xiaokafei */ = {
			isa = PBXGroup;
			children = (
				7607EAA01A470F0300AB8E4D /* Supporting Files */,
				761FD8D91A481D8D009D1A40 /* Delegate */,
				7609CB851A7B63C200B4513C /* Service */,
				761F473B1A54E5BD00B98C3F /* Model */,
				761F473C1A54E5C200B98C3F /* View */,
				761F473D1A54E5C800B98C3F /* Control */,
			);
			path = xiaokafei;
			sourceTree = "<group>";
		};
		7607EAA01A470F0300AB8E4D /* Supporting Files */ = {
			isa = PBXGroup;
			children = (
				7609CB841A7B612B00B4513C /* MacroUtils.h */,
				7607EAB31A470F0300AB8E4D /* Images.xcassets */,
				7607EAA11A470F0300AB8E4D /* Info.plist */,
				7607EAA21A470F0300AB8E4D /* main.m */,
				76856AEF1A74AB6300DF030C /* PrefixHeader.pch */,
				761FD8D71A480427009D1A40 /* xiaokafei.geojson */,
				768CFF191A5D1C020092F2B8 /* 迷你简柏青.ttf */,
				7607EAB51A470F0300AB8E4D /* LaunchScreen.xib */,
				7607EAB01A470F0300AB8E4D /* Main.storyboard */,
				7609CB831A7B5BB000B4513C /* frameworks & libraries */,
				7609CB6F1A7B5AB400B4513C /* fmdb */,
				76C24AEC1A5A7C8B00FFF530 /* pictures */,
			);
			name = "Supporting Files";
			sourceTree = "<group>";
		};
		7607EABF1A470F0300AB8E4D /* xiaokafeiTests */ = {
			isa = PBXGroup;
			children = (
				7607EAC21A470F0300AB8E4D /* xiaokafeiTests.m */,
				7607EAC01A470F0300AB8E4D /* Supporting Files */,
			);
			path = xiaokafeiTests;
			sourceTree = "<group>";
		};
		7607EAC01A470F0300AB8E4D /* Supporting Files */ = {
			isa = PBXGroup;
			children = (
				7607EAC11A470F0300AB8E4D /* Info.plist */,
			);
			name = "Supporting Files";
			sourceTree = "<group>";
		};
		7609CB6F1A7B5AB400B4513C /* fmdb */ = {
			isa = PBXGroup;
			children = (
				7609CB701A7B5AB400B4513C /* FMDatabase.h */,
				7609CB711A7B5AB400B4513C /* FMDatabase.m */,
				7609CB721A7B5AB400B4513C /* FMDatabaseAdditions.h */,
				7609CB731A7B5AB400B4513C /* FMDatabaseAdditions.m */,
				7609CB741A7B5AB400B4513C /* FMDatabasePool.h */,
				7609CB751A7B5AB400B4513C /* FMDatabasePool.m */,
				7609CB761A7B5AB400B4513C /* FMDatabaseQueue.h */,
				7609CB771A7B5AB400B4513C /* FMDatabaseQueue.m */,
				7609CB781A7B5AB400B4513C /* FMDB.h */,
				7609CB791A7B5AB400B4513C /* FMResultSet.h */,
				7609CB7A1A7B5AB400B4513C /* FMResultSet.m */,
			);
			path = fmdb;
			sourceTree = "<group>";
		};
		7609CB831A7B5BB000B4513C /* frameworks & libraries */ = {
			isa = PBXGroup;
			children = (
				7609CB811A7B5B9E00B4513C /* libsqlite3.0.dylib */,
			);
			name = "frameworks & libraries";
			sourceTree = "<group>";
		};
		7609CB851A7B63C200B4513C /* Service */ = {
			isa = PBXGroup;
			children = (
				7609CB861A7B643B00B4513C /* FMDBService.h */,
				7609CB871A7B643B00B4513C /* FMDBService.m */,
			);
			name = Service;
			sourceTree = "<group>";
		};
		761F473B1A54E5BD00B98C3F /* Model */ = {
			isa = PBXGroup;
			children = (
			);
			name = Model;
			sourceTree = "<group>";
		};
		761F473C1A54E5C200B98C3F /* View */ = {
			isa = PBXGroup;
			children = (
				76856AE81A74A96100DF030C /* ListView */,
			);
			name = View;
			sourceTree = "<group>";
		};
		761F473D1A54E5C800B98C3F /* Control */ = {
			isa = PBXGroup;
			children = (
				768CFF1E1A5D21720092F2B8 /* FirstPageViewController.h */,
				768CFF1F1A5D21720092F2B8 /* FirstPageViewController.m */,
				768CFF211A5D21800092F2B8 /* LIstViewController.h */,
				768CFF221A5D21800092F2B8 /* LIstViewController.m */,
				76049FF41A5ECB5200F80D24 /* DetailViewController.h */,
				76049FF51A5ECB5200F80D24 /* DetailViewController.m */,
			);
			name = Control;
			sourceTree = "<group>";
		};
		761FD8D91A481D8D009D1A40 /* Delegate */ = {
			isa = PBXGroup;
			children = (
				7607EAA41A470F0300AB8E4D /* AppDelegate.h */,
				7607EAA51A470F0300AB8E4D /* AppDelegate.m */,
			);
			name = Delegate;
			sourceTree = "<group>";
		};
		76518F2F1AB6D05C0050C9B7 /* 实物图片 */ = {
			isa = PBXGroup;
			children = (
				768F24AD1AB7D6C40009D9B5 /* 咖啡 */,
				768F24B41AB7D6C40009D9B5 /* 奶昔，沙冰 */,
				768F24B91AB7D6C40009D9B5 /* 奶茶 */,
				768F24BF1AB7D6C40009D9B5 /* 果汁 */,
				768F24D91AB7D6C40009D9B5 /* 简餐小食 */,
				768F24E21AB7D6C40009D9B5 /* 糕点 */,
				768F24EC1AB7D6C40009D9B5 /* 花茶 */,
				768F24F01AB7D6C40009D9B5 /* 鸡尾酒 */,
			);
			name = "实物图片";
			sourceTree = "<group>";
		};
		76856AE81A74A96100DF030C /* ListView */ = {
			isa = PBXGroup;
			children = (
				76856AE91A74A97D00DF030C /* ListView.h */,
				76856AEA1A74A97D00DF030C /* ListView.m */,
			);
			name = ListView;
			sourceTree = "<group>";
		};
		768F24AD1AB7D6C40009D9B5 /* 咖啡 */ = {
			isa = PBXGroup;
			children = (
				768F24AE1AB7D6C40009D9B5 /* IMG_1381.JPG */,
				768F24AF1AB7D6C40009D9B5 /* IMG_1384.JPG */,
				768F24B01AB7D6C40009D9B5 /* IMG_1385.JPG */,
				768F24B11AB7D6C40009D9B5 /* IMG_1386.JPG */,
				768F24B21AB7D6C40009D9B5 /* IMG_2008.JPG */,
				768F24B31AB7D6C40009D9B5 /* IMG_2088.JPG */,
			);
			path = "咖啡";
			sourceTree = "<group>";
		};
		768F24B41AB7D6C40009D9B5 /* 奶昔，沙冰 */ = {
			isa = PBXGroup;
			children = (
				768F24B51AB7D6C40009D9B5 /* IMG_2013.JPG */,
				768F24B61AB7D6C40009D9B5 /* IMG_2042.JPG */,
				768F24B71AB7D6C40009D9B5 /* IMG_2060.JPG */,
				768F24B81AB7D6C40009D9B5 /* IMG_2089.JPG */,
			);
			path = "奶昔，沙冰";
			sourceTree = "<group>";
		};
		768F24B91AB7D6C40009D9B5 /* 奶茶 */ = {
			isa = PBXGroup;
			children = (
				768F24BA1AB7D6C40009D9B5 /* IMG_1514.JPG */,
				768F24BB1AB7D6C40009D9B5 /* IMG_1530.JPG */,
				768F24BC1AB7D6C40009D9B5 /* IMG_1555.JPG */,
				768F24BD1AB7D6C40009D9B5 /* IMG_1985.JPG */,
				768F24BE1AB7D6C40009D9B5 /* IMG_2010.JPG */,
			);
			path = "奶茶";
			sourceTree = "<group>";
		};
		768F24BF1AB7D6C40009D9B5 /* 果汁 */ = {
			isa = PBXGroup;
			children = (
				768F24C01AB7D6C40009D9B5 /* IMG_1425.JPG */,
				768F24C11AB7D6C40009D9B5 /* IMG_1468.JPG */,
				768F24C21AB7D6C40009D9B5 /* IMG_1482.JPG */,
				768F24C31AB7D6C40009D9B5 /* IMG_1487.JPG */,
				768F24C41AB7D6C40009D9B5 /* IMG_1514.JPG */,
				768F24C51AB7D6C40009D9B5 /* IMG_1530.JPG */,
				768F24C61AB7D6C40009D9B5 /* IMG_1531.JPG */,
				768F24C71AB7D6C40009D9B5 /* IMG_1987.JPG */,
				768F24C81AB7D6C40009D9B5 /* IMG_1990.JPG */,
				768F24C91AB7D6C40009D9B5 /* IMG_1993.JPG */,
				768F24CA1AB7D6C40009D9B5 /* IMG_1996.JPG */,
				768F24CB1AB7D6C40009D9B5 /* IMG_2001.JPG */,
				768F24CC1AB7D6C40009D9B5 /* IMG_2030.JPG */,
				768F24CD1AB7D6C40009D9B5 /* IMG_2037.JPG */,
				768F24CE1AB7D6C40009D9B5 /* IMG_2038.JPG */,
				768F24CF1AB7D6C40009D9B5 /* IMG_2039.JPG */,
				768F24D01AB7D6C40009D9B5 /* IMG_2043.JPG */,
				768F24D11AB7D6C40009D9B5 /* IMG_2044.JPG */,
				768F24D21AB7D6C40009D9B5 /* IMG_2051.JPG */,
				768F24D31AB7D6C40009D9B5 /* IMG_2057.JPG */,
				768F24D41AB7D6C40009D9B5 /* IMG_2058.JPG */,
				768F24D51AB7D6C40009D9B5 /* IMG_2059.JPG */,
				768F24D61AB7D6C40009D9B5 /* IMG_2086.JPG */,
				768F24D71AB7D6C40009D9B5 /* IMG_2087.JPG */,
				768F24D81AB7D6C40009D9B5 /* IMG_2090.JPG */,
			);
			path = "果汁";
			sourceTree = "<group>";
		};
		768F24D91AB7D6C40009D9B5 /* 简餐小食 */ = {
			isa = PBXGroup;
			children = (
				768F24DA1AB7D6C40009D9B5 /* IMG_1420.JPG */,
				768F24DB1AB7D6C40009D9B5 /* IMG_1539.JPG */,
				768F24DC1AB7D6C40009D9B5 /* IMG_1546.JPG */,
				768F24DD1AB7D6C40009D9B5 /* IMG_1547.JPG */,
				768F24DE1AB7D6C40009D9B5 /* IMG_1580.JPG */,
				768F24DF1AB7D6C40009D9B5 /* IMG_1581.JPG */,
				768F24E01AB7D6C40009D9B5 /* IMG_1587.JPG */,
				768F24E11AB7D6C40009D9B5 /* IMG_1588.JPG */,
			);
			path = "简餐小食";
			sourceTree = "<group>";
		};
		768F24E21AB7D6C40009D9B5 /* 糕点 */ = {
			isa = PBXGroup;
			children = (
				768F24E31AB7D6C40009D9B5 /* IMG_1522.JPG */,
				768F24E41AB7D6C40009D9B5 /* IMG_1529.JPG */,
				768F24E51AB7D6C40009D9B5 /* IMG_1554.JPG */,
				768F24E61AB7D6C40009D9B5 /* IMG_1587.JPG */,
				768F24E71AB7D6C40009D9B5 /* IMG_1588.JPG */,
				768F24E81AB7D6C40009D9B5 /* IMG_1642.JPG */,
				768F24E91AB7D6C40009D9B5 /* IMG_1643.JPG */,
				768F24EA1AB7D6C40009D9B5 /* IMG_2055.JPG */,
				768F24EB1AB7D6C40009D9B5 /* IMG_2056.JPG */,
			);
			path = "糕点";
			sourceTree = "<group>";
		};
		768F24EC1AB7D6C40009D9B5 /* 花茶 */ = {
			isa = PBXGroup;
			children = (
				768F24ED1AB7D6C40009D9B5 /* IMG_2009.JPG */,
				768F24EE1AB7D6C40009D9B5 /* IMG_2015.JPG */,
				768F24EF1AB7D6C40009D9B5 /* IMG_2020.JPG */,
			);
			path = "花茶";
			sourceTree = "<group>";
		};
		768F24F01AB7D6C40009D9B5 /* 鸡尾酒 */ = {
			isa = PBXGroup;
			children = (
				768F24F11AB7D6C40009D9B5 /* IMG_1419.JPG */,
				768F24F21AB7D6C40009D9B5 /* IMG_1471.JPG */,
				768F24F31AB7D6C40009D9B5 /* IMG_1489.JPG */,
				768F24F41AB7D6C40009D9B5 /* IMG_1757.JPG */,
				768F24F51AB7D6C40009D9B5 /* IMG_1774.JPG */,
				768F24F61AB7D6C40009D9B5 /* IMG_1803.JPG */,
				768F24F71AB7D6C40009D9B5 /* IMG_1804.JPG */,
			);
			path = "鸡尾酒";
			sourceTree = "<group>";
		};
		76C24AEC1A5A7C8B00FFF530 /* pictures */ = {
			isa = PBXGroup;
			children = (
				76518F2F1AB6D05C0050C9B7 /* 实物图片 */,
				769749D21A5FAF5F00A76FCD /* launch_des.png */,
				769749D31A5FAF5F00A76FCD /* launch_title.png */,
			);
			name = pictures;
			sourceTree = "<group>";
		};
/* End PBXGroup section */

/* Begin PBXNativeTarget section */
		7607EA9C1A470F0300AB8E4D /* xiaokafei */ = {
			isa = PBXNativeTarget;
			buildConfigurationList = 7607EAC61A470F0300AB8E4D /* Build configuration list for PBXNativeTarget "xiaokafei" */;
			buildPhases = (
				7607EA991A470F0300AB8E4D /* Sources */,
				7607EA9A1A470F0300AB8E4D /* Frameworks */,
				7607EA9B1A470F0300AB8E4D /* Resources */,
			);
			buildRules = (
			);
			dependencies = (
			);
			name = xiaokafei;
			productName = xiaokafei;
			productReference = 7607EA9D1A470F0300AB8E4D /* 小咖啡点餐.app */;
			productType = "com.apple.product-type.application";
		};
		7607EABB1A470F0300AB8E4D /* xiaokafeiTests */ = {
			isa = PBXNativeTarget;
			buildConfigurationList = 7607EAC91A470F0300AB8E4D /* Build configuration list for PBXNativeTarget "xiaokafeiTests" */;
			buildPhases = (
				7607EAB81A470F0300AB8E4D /* Sources */,
				7607EAB91A470F0300AB8E4D /* Frameworks */,
				7607EABA1A470F0300AB8E4D /* Resources */,
			);
			buildRules = (
			);
			dependencies = (
				7607EABE1A470F0300AB8E4D /* PBXTargetDependency */,
			);
			name = xiaokafeiTests;
			productName = xiaokafeiTests;
			productReference = 7607EABC1A470F0300AB8E4D /* xiaokafeiTests.xctest */;
			productType = "com.apple.product-type.bundle.unit-test";
		};
/* End PBXNativeTarget section */

/* Begin PBXProject section */
		7607EA951A470F0300AB8E4D /* Project object */ = {
			isa = PBXProject;
			attributes = {
				LastUpgradeCheck = 0610;
				ORGANIZATIONNAME = "Xin Qin";
				TargetAttributes = {
					7607EA9C1A470F0300AB8E4D = {
						CreatedOnToolsVersion = 6.1.1;
						DevelopmentTeam = 4TPR59UCQV;
					};
					7607EABB1A470F0300AB8E4D = {
						CreatedOnToolsVersion = 6.1.1;
						TestTargetID = 7607EA9C1A470F0300AB8E4D;
					};
				};
			};
			buildConfigurationList = 7607EA981A470F0300AB8E4D /* Build configuration list for PBXProject "xiaokafei" */;
			compatibilityVersion = "Xcode 3.2";
			developmentRegion = English;
			hasScannedForEncodings = 0;
			knownRegions = (
				en,
				Base,
			);
			mainGroup = 7607EA941A470F0300AB8E4D;
			productRefGroup = 7607EA9E1A470F0300AB8E4D /* Products */;
			projectDirPath = "";
			projectRoot = "";
			targets = (
				7607EA9C1A470F0300AB8E4D /* xiaokafei */,
				7607EABB1A470F0300AB8E4D /* xiaokafeiTests */,
			);
		};
/* End PBXProject section */

/* Begin PBXResourcesBuildPhase section */
		7607EA9B1A470F0300AB8E4D /* Resources */ = {
			isa = PBXResourcesBuildPhase;
			buildActionMask = 2147483647;
			files = (
				768F253A1AB7D6C40009D9B5 /* IMG_1804.JPG in Resources */,
				768F25261AB7D6C40009D9B5 /* IMG_1587.JPG in Resources */,
				768F25211AB7D6C40009D9B5 /* IMG_1539.JPG in Resources */,
				768F252F1AB7D6C40009D9B5 /* IMG_2055.JPG in Resources */,
				768F252A1AB7D6C40009D9B5 /* IMG_1554.JPG in Resources */,
				768F25241AB7D6C40009D9B5 /* IMG_1580.JPG in Resources */,
				768F250B1AB7D6C40009D9B5 /* IMG_1514.JPG in Resources */,
				768F251D1AB7D6C40009D9B5 /* IMG_2086.JPG in Resources */,
				768F24F91AB7D6C40009D9B5 /* IMG_1384.JPG in Resources */,
				768F250D1AB7D6C40009D9B5 /* IMG_1531.JPG in Resources */,
				7607EAB21A470F0300AB8E4D /* Main.storyboard in Resources */,
				768F25291AB7D6C40009D9B5 /* IMG_1529.JPG in Resources */,
				768F25351AB7D6C40009D9B5 /* IMG_1471.JPG in Resources */,
				768F25041AB7D6C40009D9B5 /* IMG_1555.JPG in Resources */,
				768F24FF1AB7D6C40009D9B5 /* IMG_2042.JPG in Resources */,
				768F25231AB7D6C40009D9B5 /* IMG_1547.JPG in Resources */,
				768F250F1AB7D6C40009D9B5 /* IMG_1990.JPG in Resources */,
				768F25121AB7D6C40009D9B5 /* IMG_2001.JPG in Resources */,
				768F25381AB7D6C40009D9B5 /* IMG_1774.JPG in Resources */,
				768F25331AB7D6C40009D9B5 /* IMG_2020.JPG in Resources */,
				769749D51A5FAF5F00A76FCD /* launch_title.png in Resources */,
				768F25051AB7D6C40009D9B5 /* IMG_1985.JPG in Resources */,
				768F251E1AB7D6C40009D9B5 /* IMG_2087.JPG in Resources */,
				768F25161AB7D6C40009D9B5 /* IMG_2039.JPG in Resources */,
				768F25191AB7D6C40009D9B5 /* IMG_2051.JPG in Resources */,
				768F25141AB7D6C40009D9B5 /* IMG_2037.JPG in Resources */,
				768F252E1AB7D6C40009D9B5 /* IMG_1643.JPG in Resources */,
				768F25341AB7D6C40009D9B5 /* IMG_1419.JPG in Resources */,
				768F25071AB7D6C40009D9B5 /* IMG_1425.JPG in Resources */,
				768CFF1A1A5D1C020092F2B8 /* 迷你简柏青.ttf in Resources */,
				768F25101AB7D6C40009D9B5 /* IMG_1993.JPG in Resources */,
				768F25251AB7D6C40009D9B5 /* IMG_1581.JPG in Resources */,
				768F25181AB7D6C40009D9B5 /* IMG_2044.JPG in Resources */,
				768F251C1AB7D6C40009D9B5 /* IMG_2059.JPG in Resources */,
				768F25371AB7D6C40009D9B5 /* IMG_1757.JPG in Resources */,
				768F24FB1AB7D6C40009D9B5 /* IMG_1386.JPG in Resources */,
				768F251B1AB7D6C40009D9B5 /* IMG_2058.JPG in Resources */,
				768F24FC1AB7D6C40009D9B5 /* IMG_2008.JPG in Resources */,
				768F25301AB7D6C40009D9B5 /* IMG_2056.JPG in Resources */,
				768F25311AB7D6C40009D9B5 /* IMG_2009.JPG in Resources */,
				761FD8D81A480427009D1A40 /* xiaokafei.geojson in Resources */,
				768F25031AB7D6C40009D9B5 /* IMG_1530.JPG in Resources */,
				768F25061AB7D6C40009D9B5 /* IMG_2010.JPG in Resources */,
				768F25011AB7D6C40009D9B5 /* IMG_2089.JPG in Resources */,
				768F25391AB7D6C40009D9B5 /* IMG_1803.JPG in Resources */,
				768F250E1AB7D6C40009D9B5 /* IMG_1987.JPG in Resources */,
				768F25201AB7D6C40009D9B5 /* IMG_1420.JPG in Resources */,
				768F25111AB7D6C40009D9B5 /* IMG_1996.JPG in Resources */,
				768F24F81AB7D6C40009D9B5 /* IMG_1381.JPG in Resources */,
				7607EAB71A470F0300AB8E4D /* LaunchScreen.xib in Resources */,
				768F251A1AB7D6C40009D9B5 /* IMG_2057.JPG in Resources */,
				7607EAB41A470F0300AB8E4D /* Images.xcassets in Resources */,
				768F25281AB7D6C40009D9B5 /* IMG_1522.JPG in Resources */,
				768F25091AB7D6C40009D9B5 /* IMG_1482.JPG in Resources */,
				768F25131AB7D6C40009D9B5 /* IMG_2030.JPG in Resources */,
				768F25271AB7D6C40009D9B5 /* IMG_1588.JPG in Resources */,
				768F25321AB7D6C40009D9B5 /* IMG_2015.JPG in Resources */,
				768F25081AB7D6C40009D9B5 /* IMG_1468.JPG in Resources */,
				768F24FA1AB7D6C40009D9B5 /* IMG_1385.JPG in Resources */,
				768F25171AB7D6C40009D9B5 /* IMG_2043.JPG in Resources */,
				768F25151AB7D6C40009D9B5 /* IMG_2038.JPG in Resources */,
				768F25221AB7D6C40009D9B5 /* IMG_1546.JPG in Resources */,
				769749D41A5FAF5F00A76FCD /* launch_des.png in Resources */,
				768F25361AB7D6C40009D9B5 /* IMG_1489.JPG in Resources */,
				768F24FD1AB7D6C40009D9B5 /* IMG_2088.JPG in Resources */,
				768F24FE1AB7D6C40009D9B5 /* IMG_2013.JPG in Resources */,
				768F25001AB7D6C40009D9B5 /* IMG_2060.JPG in Resources */,
				768F251F1AB7D6C40009D9B5 /* IMG_2090.JPG in Resources */,
				768F252D1AB7D6C40009D9B5 /* IMG_1642.JPG in Resources */,
				768F250A1AB7D6C40009D9B5 /* IMG_1487.JPG in Resources */,
			);
			runOnlyForDeploymentPostprocessing = 0;
		};
		7607EABA1A470F0300AB8E4D /* Resources */ = {
			isa = PBXResourcesBuildPhase;
			buildActionMask = 2147483647;
			files = (
			);
			runOnlyForDeploymentPostprocessing = 0;
		};
/* End PBXResourcesBuildPhase section */

/* Begin PBXSourcesBuildPhase section */
		7607EA991A470F0300AB8E4D /* Sources */ = {
			isa = PBXSourcesBuildPhase;
			buildActionMask = 2147483647;
			files = (
				76049FF61A5ECB5200F80D24 /* DetailViewController.m in Sources */,
				7607EAA61A470F0300AB8E4D /* AppDelegate.m in Sources */,
				7609CB881A7B643B00B4513C /* FMDBService.m in Sources */,
				7607EAA31A470F0300AB8E4D /* main.m in Sources */,
				768CFF231A5D21800092F2B8 /* LIstViewController.m in Sources */,
				7609CB7C1A7B5AB400B4513C /* FMDatabaseAdditions.m in Sources */,
				7609CB7F1A7B5AB400B4513C /* FMResultSet.m in Sources */,
				76856AEB1A74A97D00DF030C /* ListView.m in Sources */,
				7609CB7D1A7B5AB400B4513C /* FMDatabasePool.m in Sources */,
				7609CB7E1A7B5AB400B4513C /* FMDatabaseQueue.m in Sources */,
				768CFF201A5D21720092F2B8 /* FirstPageViewController.m in Sources */,
				7609CB7B1A7B5AB400B4513C /* FMDatabase.m in Sources */,
			);
			runOnlyForDeploymentPostprocessing = 0;
		};
		7607EAB81A470F0300AB8E4D /* Sources */ = {
			isa = PBXSourcesBuildPhase;
			buildActionMask = 2147483647;
			files = (
				7607EAC31A470F0300AB8E4D /* xiaokafeiTests.m in Sources */,
			);
			runOnlyForDeploymentPostprocessing = 0;
		};
/* End PBXSourcesBuildPhase section */

/* Begin PBXTargetDependency section */
		7607EABE1A470F0300AB8E4D /* PBXTargetDependency */ = {
			isa = PBXTargetDependency;
			target = 7607EA9C1A470F0300AB8E4D /* xiaokafei */;
			targetProxy = 7607EABD1A470F0300AB8E4D /* PBXContainerItemProxy */;
		};
/* End PBXTargetDependency section */

/* Begin PBXVariantGroup section */
		7607EAB01A470F0300AB8E4D /* Main.storyboard */ = {
			isa = PBXVariantGroup;
			children = (
				7607EAB11A470F0300AB8E4D /* Base */,
			);
			name = Main.storyboard;
			sourceTree = "<group>";
		};
		7607EAB51A470F0300AB8E4D /* LaunchScreen.xib */ = {
			isa = PBXVariantGroup;
			children = (
				7607EAB61A470F0300AB8E4D /* Base */,
			);
			name = LaunchScreen.xib;
			sourceTree = "<group>";
		};
/* End PBXVariantGroup section */

/* Begin XCBuildConfiguration section */
		7607EAC41A470F0300AB8E4D /* Debug */ = {
			isa = XCBuildConfiguration;
			buildSettings = {
				ALWAYS_SEARCH_USER_PATHS = NO;
				CLANG_CXX_LANGUAGE_STANDARD = "gnu++0x";
				CLANG_CXX_LIBRARY = "libc++";
				CLANG_ENABLE_MODULES = YES;
				CLANG_ENABLE_OBJC_ARC = YES;
				CLANG_WARN_BOOL_CONVERSION = YES;
				CLANG_WARN_CONSTANT_CONVERSION = YES;
				CLANG_WARN_DIRECT_OBJC_ISA_USAGE = YES_ERROR;
				CLANG_WARN_EMPTY_BODY = YES;
				CLANG_WARN_ENUM_CONVERSION = YES;
				CLANG_WARN_INT_CONVERSION = YES;
				CLANG_WARN_OBJC_ROOT_CLASS = YES_ERROR;
				CLANG_WARN_UNREACHABLE_CODE = YES;
				CLANG_WARN__DUPLICATE_METHOD_MATCH = YES;
				"CODE_SIGN_IDENTITY[sdk=iphoneos*]" = "iPhone Developer";
				COPY_PHASE_STRIP = NO;
				ENABLE_STRICT_OBJC_MSGSEND = YES;
				GCC_C_LANGUAGE_STANDARD = gnu99;
				GCC_DYNAMIC_NO_PIC = NO;
				GCC_OPTIMIZATION_LEVEL = 0;
				GCC_PREPROCESSOR_DEFINITIONS = (
					"DEBUG=1",
					"$(inherited)",
				);
				GCC_SYMBOLS_PRIVATE_EXTERN = NO;
				GCC_WARN_64_TO_32_BIT_CONVERSION = YES;
				GCC_WARN_ABOUT_RETURN_TYPE = YES_ERROR;
				GCC_WARN_UNDECLARED_SELECTOR = YES;
				GCC_WARN_UNINITIALIZED_AUTOS = YES_AGGRESSIVE;
				GCC_WARN_UNUSED_FUNCTION = YES;
				GCC_WARN_UNUSED_VARIABLE = YES;
				IPHONEOS_DEPLOYMENT_TARGET = 8.1;
				MTL_ENABLE_DEBUG_INFO = YES;
				ONLY_ACTIVE_ARCH = YES;
				SDKROOT = iphoneos;
				TARGETED_DEVICE_FAMILY = 2;
			};
			name = Debug;
		};
		7607EAC51A470F0300AB8E4D /* Release */ = {
			isa = XCBuildConfiguration;
			buildSettings = {
				ALWAYS_SEARCH_USER_PATHS = NO;
				CLANG_CXX_LANGUAGE_STANDARD = "gnu++0x";
				CLANG_CXX_LIBRARY = "libc++";
				CLANG_ENABLE_MODULES = YES;
				CLANG_ENABLE_OBJC_ARC = YES;
				CLANG_WARN_BOOL_CONVERSION = YES;
				CLANG_WARN_CONSTANT_CONVERSION = YES;
				CLANG_WARN_DIRECT_OBJC_ISA_USAGE = YES_ERROR;
				CLANG_WARN_EMPTY_BODY = YES;
				CLANG_WARN_ENUM_CONVERSION = YES;
				CLANG_WARN_INT_CONVERSION = YES;
				CLANG_WARN_OBJC_ROOT_CLASS = YES_ERROR;
				CLANG_WARN_UNREACHABLE_CODE = YES;
				CLANG_WARN__DUPLICATE_METHOD_MATCH = YES;
				"CODE_SIGN_IDENTITY[sdk=iphoneos*]" = "iPhone Developer";
				COPY_PHASE_STRIP = YES;
				ENABLE_NS_ASSERTIONS = NO;
				ENABLE_STRICT_OBJC_MSGSEND = YES;
				GCC_C_LANGUAGE_STANDARD = gnu99;
				GCC_WARN_64_TO_32_BIT_CONVERSION = YES;
				GCC_WARN_ABOUT_RETURN_TYPE = YES_ERROR;
				GCC_WARN_UNDECLARED_SELECTOR = YES;
				GCC_WARN_UNINITIALIZED_AUTOS = YES_AGGRESSIVE;
				GCC_WARN_UNUSED_FUNCTION = YES;
				GCC_WARN_UNUSED_VARIABLE = YES;
				IPHONEOS_DEPLOYMENT_TARGET = 8.1;
				MTL_ENABLE_DEBUG_INFO = NO;
				SDKROOT = iphoneos;
				TARGETED_DEVICE_FAMILY = 2;
				VALIDATE_PRODUCT = YES;
			};
			name = Release;
		};
		7607EAC71A470F0300AB8E4D /* Debug */ = {
			isa = XCBuildConfiguration;
			buildSettings = {
				ASSETCATALOG_COMPILER_APPICON_NAME = AppIcon;
				CODE_SIGN_IDENTITY = "iPhone Developer: ZICHEN WANG (CE27WTEZZH)";
				GCC_PREFIX_HEADER = "$(SRCROOT)/xiaokafei/PrefixHeader.pch";
				INFOPLIST_FILE = xiaokafei/Info.plist;
				IPHONEOS_DEPLOYMENT_TARGET = 8.0;
				LD_RUNPATH_SEARCH_PATHS = "$(inherited) @executable_path/Frameworks";
				PRODUCT_NAME = "小咖啡点餐";
				PROVISIONING_PROFILE = "f67a787c-c3d3-41f0-aee8-efd67ef0078f";
			};
			name = Debug;
		};
		7607EAC81A470F0300AB8E4D /* Release */ = {
			isa = XCBuildConfiguration;
			buildSettings = {
				ASSETCATALOG_COMPILER_APPICON_NAME = AppIcon;
				CODE_SIGN_IDENTITY = "iPhone Developer: ZICHEN WANG (CE27WTEZZH)";
				GCC_PREFIX_HEADER = "$(SRCROOT)/xiaokafei/PrefixHeader.pch";
				INFOPLIST_FILE = xiaokafei/Info.plist;
				IPHONEOS_DEPLOYMENT_TARGET = 8.0;
				LD_RUNPATH_SEARCH_PATHS = "$(inherited) @executable_path/Frameworks";
				PRODUCT_NAME = "小咖啡点餐";
				PROVISIONING_PROFILE = "f67a787c-c3d3-41f0-aee8-efd67ef0078f";
			};
			name = Release;
		};
		7607EACA1A470F0300AB8E4D /* Debug */ = {
			isa = XCBuildConfiguration;
			buildSettings = {
				BUNDLE_LOADER = "$(TEST_HOST)";
				FRAMEWORK_SEARCH_PATHS = (
					"$(SDKROOT)/Developer/Library/Frameworks",
					"$(inherited)",
				);
				GCC_PREPROCESSOR_DEFINITIONS = (
					"DEBUG=1",
					"$(inherited)",
				);
				INFOPLIST_FILE = xiaokafeiTests/Info.plist;
				LD_RUNPATH_SEARCH_PATHS = "$(inherited) @executable_path/Frameworks @loader_path/Frameworks";
				PRODUCT_NAME = "$(TARGET_NAME)";
				TEST_HOST = "$(BUILT_PRODUCTS_DIR)/小咖啡点餐.app/小咖啡点餐";
			};
			name = Debug;
		};
		7607EACB1A470F0300AB8E4D /* Release */ = {
			isa = XCBuildConfiguration;
			buildSettings = {
				BUNDLE_LOADER = "$(TEST_HOST)";
				FRAMEWORK_SEARCH_PATHS = (
					"$(SDKROOT)/Developer/Library/Frameworks",
					"$(inherited)",
				);
				INFOPLIST_FILE = xiaokafeiTests/Info.plist;
				LD_RUNPATH_SEARCH_PATHS = "$(inherited) @executable_path/Frameworks @loader_path/Frameworks";
				PRODUCT_NAME = "$(TARGET_NAME)";
				TEST_HOST = "$(BUILT_PRODUCTS_DIR)/小咖啡点餐.app/小咖啡点餐";
			};
			name = Release;
		};
/* End XCBuildConfiguration section */

/* Begin XCConfigurationList section */
		7607EA981A470F0300AB8E4D /* Build configuration list for PBXProject "xiaokafei" */ = {
			isa = XCConfigurationList;
			buildConfigurations = (
				7607EAC41A470F0300AB8E4D /* Debug */,
				7607EAC51A470F0300AB8E4D /* Release */,
			);
			defaultConfigurationIsVisible = 0;
			defaultConfigurationName = Release;
		};
		7607EAC61A470F0300AB8E4D /* Build configuration list for PBXNativeTarget "xiaokafei" */ = {
			isa = XCConfigurationList;
			buildConfigurations = (
				7607EAC71A470F0300AB8E4D /* Debug */,
				7607EAC81A470F0300AB8E4D /* Release */,
			);
			defaultConfigurationIsVisible = 0;
			defaultConfigurationName = Release;
		};
		7607EAC91A470F0300AB8E4D /* Build configuration list for PBXNativeTarget "xiaokafeiTests" */ = {
			isa = XCConfigurationList;
			buildConfigurations = (
				7607EACA1A470F0300AB8E4D /* Debug */,
				7607EACB1A470F0300AB8E4D /* Release */,
			);
			defaultConfigurationIsVisible = 0;
			defaultConfigurationName = Release;
		};
/* End XCConfigurationList section */
	};
	rootObject = 7607EA951A470F0300AB8E4D /* Project object */;
}
